
Microsoft Visual Studio Solution File, Format Version 12.00
# Visual Studio Version 17
VisualStudioVersion = 17.9.34728.123
MinimumVisualStudioVersion = 10.0.40219.1
Project("{FAE04EC0-301F-11D3-BF4B-00C04F79EFBC}") = "DiningHub", "DiningHub\DiningHub.csproj", "{BCC603F9-8C97-4E74-BE4F-A81B058C8AAF}"
EndProject
Global
	GlobalSection(SolutionConfigurationPlatforms) = preSolution
		Debug|Any CPU = Debug|Any CPU
		Release|Any CPU = Release|Any CPU
	EndGlobalSection
	GlobalSection(ProjectConfigurationPlatforms) = postSolution
		{BCC603F9-8C97-4E74-BE4F-A81B058C8AAF}.Debug|Any CPU.ActiveCfg = Debug|Any CPU
		{BCC603F9-8C97-4E74-BE4F-A81B058C8AAF}.Debug|Any CPU.Build.0 = Debug|Any CPU
		{BCC603F9-8C97-4E74-BE4F-A81B058C8AAF}.Release|Any CPU.ActiveCfg = Release|Any CPU
		{BCC603F9-8C97-4E74-BE4F-A81B058C8AAF}.Release|Any CPU.Build.0 = Release|Any CPU
	EndGlobalSection
	GlobalSection(SolutionProperties) = preSolution
		HideSolutionNode = FALSE
	EndGlobalSection
	GlobalSection(ExtensibilityGlobals) = postSolution
		SolutionGuid = {C44AD7EC-DBAE-416D-A73C-603591D74EA6}
	EndGlobalSection
EndGlobal
